
Microsoft Visual Studio Solution File, Format Version 12.00
# Visual Studio 15
Project("{FAE04EC0-301F-11D3-BF4B-00C04F79EFBC}") = "Assembly-CSharp", "Assembly-CSharp.csproj", "{FB3FC351-577C-3DFF-7424-7BBCB4F7F68C}"
EndProject
Project("{FAE04EC0-301F-11D3-BF4B-00C04F79EFBC}") = "Assembly-CSharp-Editor", "Assembly-CSharp-Editor.csproj", "{6EB38837-4CFF-9C65-782D-BF349A2E9686}"
EndProject
Global
	GlobalSection(SolutionConfigurationPlatforms) = preSolution
		Debug|Any CPU = Debug|Any CPU
		Release|Any CPU = Release|Any CPU
	EndGlobalSection
	GlobalSection(ProjectConfigurationPlatforms) = postSolution
		{FB3FC351-577C-3DFF-7424-7BBCB4F7F68C}.Debug|Any CPU.ActiveCfg = Debug|Any CPU
		{FB3FC351-577C-3DFF-7424-7BBCB4F7F68C}.Debug|Any CPU.Build.0 = Debug|Any CPU
		{FB3FC351-577C-3DFF-7424-7BBCB4F7F68C}.Release|Any CPU.ActiveCfg = Release|Any CPU
		{FB3FC351-577C-3DFF-7424-7BBCB4F7F68C}.Release|Any CPU.Build.0 = Release|Any CPU
		{6EB38837-4CFF-9C65-782D-BF349A2E9686}.Debug|Any CPU.ActiveCfg = Debug|Any CPU
		{6EB38837-4CFF-9C65-782D-BF349A2E9686}.Debug|Any CPU.Build.0 = Debug|Any CPU
		{6EB38837-4CFF-9C65-782D-BF349A2E9686}.Release|Any CPU.ActiveCfg = Release|Any CPU
		{6EB38837-4CFF-9C65-782D-BF349A2E9686}.Release|Any CPU.Build.0 = Release|Any CPU
	EndGlobalSection
	GlobalSection(SolutionProperties) = preSolution
		HideSolutionNode = FALSE
	EndGlobalSection
EndGlobal
